
Microsoft Visual Studio Solution File, Format Version 12.00
# Visual Studio Version 17
VisualStudioVersion = 17.3.32901.215
MinimumVisualStudioVersion = 10.0.40219.1
Project("{FAE04EC0-301F-11D3-BF4B-00C04F79EFBC}") = "Hotel.Booking.Site.Tests", "Hotel.Booking.Site.Tests\Hotel.Booking.Site.Tests.csproj", "{3D45A3FE-0AB2-49E0-85CB-4C2FF8790ACF}"
EndProject
Global
	GlobalSection(SolutionConfigurationPlatforms) = preSolution
		Debug|Any CPU = Debug|Any CPU
		Release|Any CPU = Release|Any CPU
	EndGlobalSection
	GlobalSection(ProjectConfigurationPlatforms) = postSolution
		{3D45A3FE-0AB2-49E0-85CB-4C2FF8790ACF}.Debug|Any CPU.ActiveCfg = Debug|Any CPU
		{3D45A3FE-0AB2-49E0-85CB-4C2FF8790ACF}.Debug|Any CPU.Build.0 = Debug|Any CPU
		{3D45A3FE-0AB2-49E0-85CB-4C2FF8790ACF}.Release|Any CPU.ActiveCfg = Release|Any CPU
		{3D45A3FE-0AB2-49E0-85CB-4C2FF8790ACF}.Release|Any CPU.Build.0 = Release|Any CPU
	EndGlobalSection
	GlobalSection(SolutionProperties) = preSolution
		HideSolutionNode = FALSE
	EndGlobalSection
	GlobalSection(ExtensibilityGlobals) = postSolution
		SolutionGuid = {F416BF0D-BD13-4692-83EE-DB5944F10B10}
	EndGlobalSection
EndGlobal
